{
  "version": 4,
  "terraform_version": "1.6.1",
  "serial": 3,
  "lineage": "0344914f-869b-b6b9-c5a5-aa99e2a474d9",
  "outputs": {},
  "resources": [
    {
      "mode": "managed",
      "type": "azurerm_resource_group",
      "name": "rg1",
      "provider": "provider[\"registry.terraform.io/hashicorp/azurerm\"]",
      "instances": [
        {
          "schema_version": 0,
          "attributes": {
            "id": "/subscriptions/b0070e68-b200-4ae2-a2b4-09bd5ffaa6dc/resourceGroups/kvtest-rg",
            "location": "eastus",
            "managed_by": "",
            "name": "kvtest-rg",
            "tags": {},
            "timeouts": null
          },
          "sensitive_attributes": [],
          "private": "eyJlMmJmYjczMC1lY2FhLTExZTYtOGY4OC0zNDM2M2JjN2M0YzAiOnsiY3JlYXRlIjo1NDAwMDAwMDAwMDAwLCJkZWxldGUiOjU0MDAwMDAwMDAwMDAsInJlYWQiOjMwMDAwMDAwMDAwMCwidXBkYXRlIjo1NDAwMDAwMDAwMDAwfX0="
        }
      ]
    },
    {
      "module": "module.keyvaults",
      "mode": "data",
      "type": "azurerm_client_config",
      "name": "current",
      "provider": "module.keyvaults.provider[\"registry.terraform.io/hashicorp/azurerm\"]",
      "instances": [
        {
          "schema_version": 0,
          "attributes": {
            "client_id": "04b07795-8ddb-461a-bbee-02f9e1bf7b46",
            "id": "Y2xpZW50Q29uZmlncy9jbGllbnRJZD0wNGIwNzc5NS04ZGRiLTQ2MWEtYmJlZS0wMmY5ZTFiZjdiNDY7b2JqZWN0SWQ9MDMyOTY4YzctZmFlMy00ZDY0LTg4YTItOWEzODVmNWUyM2RiO3N1YnNjcmlwdGlvbklkPWIwMDcwZTY4LWIyMDAtNGFlMi1hMmI0LTA5YmQ1ZmZhYTZkYzt0ZW5hbnRJZD1iZjBjMGEwYi0zYzdmLTQyODMtYjE4ZC1mZTI1YWQ1OWQ2YmU=",
            "object_id": "032968c7-fae3-4d64-88a2-9a385f5e23db",
            "subscription_id": "b0070e68-b200-4ae2-a2b4-09bd5ffaa6dc",
            "tenant_id": "bf0c0a0b-3c7f-4283-b18d-fe25ad59d6be",
            "timeouts": null
          },
          "sensitive_attributes": []
        }
      ]
    },
    {
      "module": "module.keyvaults",
      "mode": "managed",
      "type": "azurerm_key_vault",
      "name": "keyvaults",
      "provider": "module.keyvaults.provider[\"registry.terraform.io/hashicorp/azurerm\"]",
      "instances": [
        {
          "index_key": "kv1",
          "schema_version": 2,
          "attributes": {
            "access_policy": [
              {
                "application_id": "",
                "certificate_permissions": null,
                "key_permissions": [
                  "Get"
                ],
                "object_id": "032968c7-fae3-4d64-88a2-9a385f5e23db",
                "secret_permissions": [
                  "Get"
                ],
                "storage_permissions": [
                  "Get"
                ],
                "tenant_id": "bf0c0a0b-3c7f-4283-b18d-fe25ad59d6be"
              }
            ],
            "contact": [],
            "enable_rbac_authorization": false,
            "enabled_for_deployment": false,
            "enabled_for_disk_encryption": true,
            "enabled_for_template_deployment": false,
            "id": "/subscriptions/b0070e68-b200-4ae2-a2b4-09bd5ffaa6dc/resourceGroups/kvtest-rg/providers/Microsoft.KeyVault/vaults/kvtesttttt-01",
            "location": "eastus",
            "name": "kvtesttttt-01",
            "network_acls": [
              {
                "bypass": "AzureServices",
                "default_action": "Allow",
                "ip_rules": [],
                "virtual_network_subnet_ids": []
              }
            ],
            "public_network_access_enabled": true,
            "purge_protection_enabled": false,
            "resource_group_name": "kvtest-rg",
            "sku_name": "standard",
            "soft_delete_retention_days": 7,
            "tags": null,
            "tenant_id": "bf0c0a0b-3c7f-4283-b18d-fe25ad59d6be",
            "timeouts": null,
            "vault_uri": "https://kvtesttttt-01.vault.azure.net/"
          },
          "sensitive_attributes": [],
          "private": "eyJlMmJmYjczMC1lY2FhLTExZTYtOGY4OC0zNDM2M2JjN2M0YzAiOnsiY3JlYXRlIjoxODAwMDAwMDAwMDAwLCJkZWxldGUiOjE4MDAwMDAwMDAwMDAsInJlYWQiOjMwMDAwMDAwMDAwMCwidXBkYXRlIjoxODAwMDAwMDAwMDAwfSwic2NoZW1hX3ZlcnNpb24iOiIyIn0=",
          "dependencies": [
            "azurerm_resource_group.rg1",
            "module.keyvaults.data.azurerm_client_config.current"
          ]
        }
      ]
    }
  ],
  "check_results": null
}
